// !$*UTF8*$!
{
	archiveVersion = 1;
	classes = {
	};
	objectVersion = 50;
	objects = {

/* Begin PBXBuildFile section */
		200B2EB122184A5500738347 /* Splash.storyboard in Resources */ = {isa = PBXBuildFile; fileRef = 200B2EAE22184A5500738347 /* Splash.storyboard */; };
		200B2EB322184A5500738347 /* App.swift in Sources */ = {isa = PBXBuildFile; fileRef = 200B2EB022184A5500738347 /* App.swift */; };
		200B2EB922184A5E00738347 /* Mac.storyboard in Resources */ = {isa = PBXBuildFile; fileRef = 200B2EB622184A5E00738347 /* Mac.storyboard */; };
		200B2EBB22184A5E00738347 /* App.swift in Sources */ = {isa = PBXBuildFile; fileRef = 200B2EB822184A5E00738347 /* App.swift */; };
		200B2EC022184A6A00738347 /* TestPlayer.swift in Sources */ = {isa = PBXBuildFile; fileRef = 200B2EBE22184A6A00738347 /* TestPlayer.swift */; };
		200B2EDE22185B0200738347 /* libBreaker.a in Frameworks */ = {isa = PBXBuildFile; fileRef = 200B2EDC22185AEA00738347 /* libBreaker.a */; };
		200B2EE122185B1200738347 /* libBreaker.a in Frameworks */ = {isa = PBXBuildFile; fileRef = 200B2EDD22185AEF00738347 /* libBreaker.a */; };
		200B2EE222185B1800738347 /* libBreaker.a in Frameworks */ = {isa = PBXBuildFile; fileRef = 200B2EDC22185AEA00738347 /* libBreaker.a */; };
		201D58B8221EE43500A9A6C6 /* Option.swift in Sources */ = {isa = PBXBuildFile; fileRef = 201D58B7221EE43500A9A6C6 /* Option.swift */; };
		201EB68F2218613600E4B33F /* Terminal.swift in Sources */ = {isa = PBXBuildFile; fileRef = 201EB68E2218613600E4B33F /* Terminal.swift */; };
		2043E71B2219CD5100482FBC /* Breaker.swift in Sources */ = {isa = PBXBuildFile; fileRef = 2043E71A2219CD5100482FBC /* Breaker.swift */; };
		2043E71C2219CD5100482FBC /* Breaker.swift in Sources */ = {isa = PBXBuildFile; fileRef = 2043E71A2219CD5100482FBC /* Breaker.swift */; };
		2043E71E2219CF1200482FBC /* Mission.swift in Sources */ = {isa = PBXBuildFile; fileRef = 2043E71D2219CF1200482FBC /* Mission.swift */; };
		2043E71F2219CF1200482FBC /* Mission.swift in Sources */ = {isa = PBXBuildFile; fileRef = 2043E71D2219CF1200482FBC /* Mission.swift */; };
		2043E7212219D3BF00482FBC /* Codes.swift in Sources */ = {isa = PBXBuildFile; fileRef = 2043E7202219D3BF00482FBC /* Codes.swift */; };
		2043E7222219D3BF00482FBC /* Codes.swift in Sources */ = {isa = PBXBuildFile; fileRef = 2043E7202219D3BF00482FBC /* Codes.swift */; };
		2043E7242219D42500482FBC /* TestCodes.swift in Sources */ = {isa = PBXBuildFile; fileRef = 2043E7232219D42500482FBC /* TestCodes.swift */; };
		2043E7262219D5A800482FBC /* Alphabet.swift in Sources */ = {isa = PBXBuildFile; fileRef = 2043E7252219D5A800482FBC /* Alphabet.swift */; };
		2043E7272219D5A800482FBC /* Alphabet.swift in Sources */ = {isa = PBXBuildFile; fileRef = 2043E7252219D5A800482FBC /* Alphabet.swift */; };
		2043E7292219D76A00482FBC /* TestAlphabet.swift in Sources */ = {isa = PBXBuildFile; fileRef = 2043E7282219D76A00482FBC /* TestAlphabet.swift */; };
		2043E72B2219E24900482FBC /* TestFactory.swift in Sources */ = {isa = PBXBuildFile; fileRef = 2043E72A2219E24900482FBC /* TestFactory.swift */; };
		2043E72D2219E2A000482FBC /* Factory.swift in Sources */ = {isa = PBXBuildFile; fileRef = 2043E72C2219E2A000482FBC /* Factory.swift */; };
		2043E72E2219E2A000482FBC /* Factory.swift in Sources */ = {isa = PBXBuildFile; fileRef = 2043E72C2219E2A000482FBC /* Factory.swift */; };
		209E943E221FE1C0008BB79A /* Mac.xcassets in Resources */ = {isa = PBXBuildFile; fileRef = 209E943D221FE1C0008BB79A /* Mac.xcassets */; };
		209E9440221FF05C008BB79A /* Vertex.swift in Sources */ = {isa = PBXBuildFile; fileRef = 209E943F221FF05C008BB79A /* Vertex.swift */; };
		20A7722622196102004F34AC /* Node.swift in Sources */ = {isa = PBXBuildFile; fileRef = 20A7722422196074004F34AC /* Node.swift */; };
		20A7722822197D87004F34AC /* Level.swift in Sources */ = {isa = PBXBuildFile; fileRef = 20A7722722197D87004F34AC /* Level.swift */; };
		20A7722922197D87004F34AC /* Level.swift in Sources */ = {isa = PBXBuildFile; fileRef = 20A7722722197D87004F34AC /* Level.swift */; };
		20A7722B22198006004F34AC /* Rookie.swift in Sources */ = {isa = PBXBuildFile; fileRef = 20A7722A22198006004F34AC /* Rookie.swift */; };
		20A7722C22198006004F34AC /* Rookie.swift in Sources */ = {isa = PBXBuildFile; fileRef = 20A7722A22198006004F34AC /* Rookie.swift */; };
		20A7722E22198028004F34AC /* Advanced.swift in Sources */ = {isa = PBXBuildFile; fileRef = 20A7722D22198028004F34AC /* Advanced.swift */; };
		20A7722F22198028004F34AC /* Advanced.swift in Sources */ = {isa = PBXBuildFile; fileRef = 20A7722D22198028004F34AC /* Advanced.swift */; };
		20A7723122198036004F34AC /* Expert.swift in Sources */ = {isa = PBXBuildFile; fileRef = 20A7723022198036004F34AC /* Expert.swift */; };
		20A7723222198036004F34AC /* Expert.swift in Sources */ = {isa = PBXBuildFile; fileRef = 20A7723022198036004F34AC /* Expert.swift */; };
		20A77234221989A4004F34AC /* Player.swift in Sources */ = {isa = PBXBuildFile; fileRef = 20A77233221989A4004F34AC /* Player.swift */; };
		20A77235221989A4004F34AC /* Player.swift in Sources */ = {isa = PBXBuildFile; fileRef = 20A77233221989A4004F34AC /* Player.swift */; };
		20A7723722199861004F34AC /* Gradient.swift in Sources */ = {isa = PBXBuildFile; fileRef = 20A7723622199861004F34AC /* Gradient.swift */; };
		20D329BF221ECFE9006E48AD /* Link.swift in Sources */ = {isa = PBXBuildFile; fileRef = 20D329BE221ECFE9006E48AD /* Link.swift */; };
		20D329C1221ED0C8006E48AD /* Shared.swift in Sources */ = {isa = PBXBuildFile; fileRef = 20D329C0221ED0C8006E48AD /* Shared.swift */; };
		20D329C2221ED0C8006E48AD /* Shared.swift in Sources */ = {isa = PBXBuildFile; fileRef = 20D329C0221ED0C8006E48AD /* Shared.swift */; };
		20D329C5221ED1BA006E48AD /* Localizable.strings in Resources */ = {isa = PBXBuildFile; fileRef = 20D329C3221ED1BA006E48AD /* Localizable.strings */; };
		20D329C6221ED1BA006E48AD /* Localizable.strings in Resources */ = {isa = PBXBuildFile; fileRef = 20D329C3221ED1BA006E48AD /* Localizable.strings */; };
		20D329CA221ED291006E48AD /* SFMono-Light.otf in Resources */ = {isa = PBXBuildFile; fileRef = 20D329C8221ED291006E48AD /* SFMono-Light.otf */; };
		20D329CB221ED291006E48AD /* SFMono-Light.otf in Resources */ = {isa = PBXBuildFile; fileRef = 20D329C8221ED291006E48AD /* SFMono-Light.otf */; };
		20D329CC221ED291006E48AD /* SFMono-Bold.otf in Resources */ = {isa = PBXBuildFile; fileRef = 20D329C9221ED291006E48AD /* SFMono-Bold.otf */; };
		20D329CD221ED291006E48AD /* SFMono-Bold.otf in Resources */ = {isa = PBXBuildFile; fileRef = 20D329C9221ED291006E48AD /* SFMono-Bold.otf */; };
		20D329CF221ED2E1006E48AD /* Extensions.swift in Sources */ = {isa = PBXBuildFile; fileRef = 20D329CE221ED2E1006E48AD /* Extensions.swift */; };
		20D70E22221EA60F0080A180 /* Emoji.swift in Sources */ = {isa = PBXBuildFile; fileRef = 20D70E21221EA60F0080A180 /* Emoji.swift */; };
		20D70E24221EAEEA0080A180 /* Alphabet.swift in Sources */ = {isa = PBXBuildFile; fileRef = 20D70E23221EAEEA0080A180 /* Alphabet.swift */; };
		20D70E26221EB41C0080A180 /* Sheet.swift in Sources */ = {isa = PBXBuildFile; fileRef = 20D70E25221EB41C0080A180 /* Sheet.swift */; };
		20EFFEE3221A8DA200929257 /* Node.swift in Sources */ = {isa = PBXBuildFile; fileRef = 20EFFEE1221A8D9E00929257 /* Node.swift */; };
		20EFFEE4221A8DA300929257 /* Node.swift in Sources */ = {isa = PBXBuildFile; fileRef = 20EFFEE1221A8D9E00929257 /* Node.swift */; };
		20EFFEE6221A8DD000929257 /* Vertex.swift in Sources */ = {isa = PBXBuildFile; fileRef = 20EFFEE5221A8DD000929257 /* Vertex.swift */; };
		20EFFEE7221A8DD000929257 /* Vertex.swift in Sources */ = {isa = PBXBuildFile; fileRef = 20EFFEE5221A8DD000929257 /* Vertex.swift */; };
		20EFFEE9221A969200929257 /* Graph.swift in Sources */ = {isa = PBXBuildFile; fileRef = 20EFFEE8221A969200929257 /* Graph.swift */; };
		20EFFEEA221A969200929257 /* Graph.swift in Sources */ = {isa = PBXBuildFile; fileRef = 20EFFEE8221A969200929257 /* Graph.swift */; };
		20EFFEEC221A974100929257 /* TestGraph.swift in Sources */ = {isa = PBXBuildFile; fileRef = 20EFFEEB221A974100929257 /* TestGraph.swift */; };
/* End PBXBuildFile section */

/* Begin PBXContainerItemProxy section */
		200B2ED622185A2700738347 /* PBXContainerItemProxy */ = {
			isa = PBXContainerItemProxy;
			containerPortal = 200B2E52221847D000738347 /* Project object */;
			proxyType = 1;
			remoteGlobalIDString = 200B2E5B221847F000738347;
			remoteInfo = Mac;
		};
		200B2EDA22185A3700738347 /* PBXContainerItemProxy */ = {
			isa = PBXContainerItemProxy;
			containerPortal = 200B2E52221847D000738347 /* Project object */;
			proxyType = 1;
			remoteGlobalIDString = 200B2E69221847FC00738347;
			remoteInfo = iOS;
		};
		200B2EDF22185B0900738347 /* PBXContainerItemProxy */ = {
			isa = PBXContainerItemProxy;
			containerPortal = 200B2E52221847D000738347 /* Project object */;
			proxyType = 1;
			remoteGlobalIDString = 200B2E5B221847F000738347;
			remoteInfo = Mac;
		};
/* End PBXContainerItemProxy section */

/* Begin PBXCopyFilesBuildPhase section */
		200B2E68221847FC00738347 /* CopyFiles */ = {
			isa = PBXCopyFilesBuildPhase;
			buildActionMask = 2147483647;
			dstPath = "include/$(PRODUCT_NAME)";
			dstSubfolderSpec = 16;
			files = (
			);
			runOnlyForDeploymentPostprocessing = 0;
		};
/* End PBXCopyFilesBuildPhase section */

/* Begin PBXFileReference section */
		200B2EAA22184A2500738347 /* LICENSE */ = {isa = PBXFileReference; lastKnownFileType = text; path = LICENSE; sourceTree = "<group>"; };
		200B2EAB22184A2500738347 /* .gitignore */ = {isa = PBXFileReference; lastKnownFileType = text; path = .gitignore; sourceTree = "<group>"; };
		200B2EAC22184A2500738347 /* README.md */ = {isa = PBXFileReference; lastKnownFileType = net.daringfireball.markdown; path = README.md; sourceTree = "<group>"; };
		200B2EAE22184A5500738347 /* Splash.storyboard */ = {isa = PBXFileReference; fileEncoding = 4; lastKnownFileType = file.storyboard; path = Splash.storyboard; sourceTree = "<group>"; };
		200B2EAF22184A5500738347 /* iOS.plist */ = {isa = PBXFileReference; fileEncoding = 4; lastKnownFileType = text.plist.xml; path = iOS.plist; sourceTree = "<group>"; };
		200B2EB022184A5500738347 /* App.swift */ = {isa = PBXFileReference; fileEncoding = 4; lastKnownFileType = sourcecode.swift; path = App.swift; sourceTree = "<group>"; };
		200B2EB522184A5E00738347 /* Mac.entitlements */ = {isa = PBXFileReference; fileEncoding = 4; lastKnownFileType = text.plist.entitlements; path = Mac.entitlements; sourceTree = "<group>"; };
		200B2EB622184A5E00738347 /* Mac.storyboard */ = {isa = PBXFileReference; fileEncoding = 4; lastKnownFileType = file.storyboard; path = Mac.storyboard; sourceTree = "<group>"; };
		200B2EB722184A5E00738347 /* Mac.plist */ = {isa = PBXFileReference; fileEncoding = 4; lastKnownFileType = text.plist.xml; path = Mac.plist; sourceTree = "<group>"; };
		200B2EB822184A5E00738347 /* App.swift */ = {isa = PBXFileReference; fileEncoding = 4; lastKnownFileType = sourcecode.swift; path = App.swift; sourceTree = "<group>"; };
		200B2EBD22184A6A00738347 /* Tests.plist */ = {isa = PBXFileReference; fileEncoding = 4; lastKnownFileType = text.plist.xml; path = Tests.plist; sourceTree = "<group>"; };
		200B2EBE22184A6A00738347 /* TestPlayer.swift */ = {isa = PBXFileReference; fileEncoding = 4; lastKnownFileType = sourcecode.swift; path = TestPlayer.swift; sourceTree = "<group>"; };
		200B2EDC22185AEA00738347 /* libBreaker.a */ = {isa = PBXFileReference; explicitFileType = archive.ar; includeInIndex = 0; path = libBreaker.a; sourceTree = BUILT_PRODUCTS_DIR; };
		200B2EDD22185AEF00738347 /* libBreaker.a */ = {isa = PBXFileReference; explicitFileType = archive.ar; includeInIndex = 0; path = libBreaker.a; sourceTree = BUILT_PRODUCTS_DIR; };
		201D58B7221EE43500A9A6C6 /* Option.swift */ = {isa = PBXFileReference; lastKnownFileType = sourcecode.swift; path = Option.swift; sourceTree = "<group>"; };
		201EB68B2218600100E4B33F /* Tests.xctest */ = {isa = PBXFileReference; explicitFileType = wrapper.cfbundle; includeInIndex = 0; path = Tests.xctest; sourceTree = BUILT_PRODUCTS_DIR; };
		201EB68C2218600100E4B33F /* CodeBreaker.app */ = {isa = PBXFileReference; explicitFileType = wrapper.application; includeInIndex = 0; path = CodeBreaker.app; sourceTree = BUILT_PRODUCTS_DIR; };
		201EB68D2218600100E4B33F /* CodeBreaker.app */ = {isa = PBXFileReference; explicitFileType = wrapper.application; includeInIndex = 0; path = CodeBreaker.app; sourceTree = BUILT_PRODUCTS_DIR; };
		201EB68E2218613600E4B33F /* Terminal.swift */ = {isa = PBXFileReference; lastKnownFileType = sourcecode.swift; path = Terminal.swift; sourceTree = "<group>"; };
		2043E71A2219CD5100482FBC /* Breaker.swift */ = {isa = PBXFileReference; lastKnownFileType = sourcecode.swift; path = Breaker.swift; sourceTree = "<group>"; };
		2043E71D2219CF1200482FBC /* Mission.swift */ = {isa = PBXFileReference; lastKnownFileType = sourcecode.swift; path = Mission.swift; sourceTree = "<group>"; };
		2043E7202219D3BF00482FBC /* Codes.swift */ = {isa = PBXFileReference; lastKnownFileType = sourcecode.swift; path = Codes.swift; sourceTree = "<group>"; };
		2043E7232219D42500482FBC /* TestCodes.swift */ = {isa = PBXFileReference; lastKnownFileType = sourcecode.swift; path = TestCodes.swift; sourceTree = "<group>"; };
		2043E7252219D5A800482FBC /* Alphabet.swift */ = {isa = PBXFileReference; lastKnownFileType = sourcecode.swift; path = Alphabet.swift; sourceTree = "<group>"; };
		2043E7282219D76A00482FBC /* TestAlphabet.swift */ = {isa = PBXFileReference; lastKnownFileType = sourcecode.swift; path = TestAlphabet.swift; sourceTree = "<group>"; };
		2043E72A2219E24900482FBC /* TestFactory.swift */ = {isa = PBXFileReference; lastKnownFileType = sourcecode.swift; path = TestFactory.swift; sourceTree = "<group>"; };
		2043E72C2219E2A000482FBC /* Factory.swift */ = {isa = PBXFileReference; lastKnownFileType = sourcecode.swift; path = Factory.swift; sourceTree = "<group>"; };
		209E943D221FE1C0008BB79A /* Mac.xcassets */ = {isa = PBXFileReference; lastKnownFileType = folder.assetcatalog; path = Mac.xcassets; sourceTree = "<group>"; };
		209E943F221FF05C008BB79A /* Vertex.swift */ = {isa = PBXFileReference; lastKnownFileType = sourcecode.swift; path = Vertex.swift; sourceTree = "<group>"; };
		20A7722422196074004F34AC /* Node.swift */ = {isa = PBXFileReference; lastKnownFileType = sourcecode.swift; path = Node.swift; sourceTree = "<group>"; };
		20A7722722197D87004F34AC /* Level.swift */ = {isa = PBXFileReference; lastKnownFileType = sourcecode.swift; path = Level.swift; sourceTree = "<group>"; };
		20A7722A22198006004F34AC /* Rookie.swift */ = {isa = PBXFileReference; lastKnownFileType = sourcecode.swift; path = Rookie.swift; sourceTree = "<group>"; };
		20A7722D22198028004F34AC /* Advanced.swift */ = {isa = PBXFileReference; lastKnownFileType = sourcecode.swift; path = Advanced.swift; sourceTree = "<group>"; };
		20A7723022198036004F34AC /* Expert.swift */ = {isa = PBXFileReference; lastKnownFileType = sourcecode.swift; path = Expert.swift; sourceTree = "<group>"; };
		20A77233221989A4004F34AC /* Player.swift */ = {isa = PBXFileReference; lastKnownFileType = sourcecode.swift; path = Player.swift; sourceTree = "<group>"; };
		20A7723622199861004F34AC /* Gradient.swift */ = {isa = PBXFileReference; lastKnownFileType = sourcecode.swift; path = Gradient.swift; sourceTree = "<group>"; };
		20D329BE221ECFE9006E48AD /* Link.swift */ = {isa = PBXFileReference; lastKnownFileType = sourcecode.swift; path = Link.swift; sourceTree = "<group>"; };
		20D329C0221ED0C8006E48AD /* Shared.swift */ = {isa = PBXFileReference; lastKnownFileType = sourcecode.swift; path = Shared.swift; sourceTree = "<group>"; };
		20D329C4221ED1BA006E48AD /* en */ = {isa = PBXFileReference; lastKnownFileType = text.plist.strings; name = en; path = en.lproj/Localizable.strings; sourceTree = "<group>"; };
		20D329C8221ED291006E48AD /* SFMono-Light.otf */ = {isa = PBXFileReference; lastKnownFileType = file; path = "SFMono-Light.otf"; sourceTree = "<group>"; };
		20D329C9221ED291006E48AD /* SFMono-Bold.otf */ = {isa = PBXFileReference; lastKnownFileType = file; path = "SFMono-Bold.otf"; sourceTree = "<group>"; };
		20D329CE221ED2E1006E48AD /* Extensions.swift */ = {isa = PBXFileReference; lastKnownFileType = sourcecode.swift; path = Extensions.swift; sourceTree = "<group>"; };
		20D70E21221EA60F0080A180 /* Emoji.swift */ = {isa = PBXFileReference; lastKnownFileType = sourcecode.swift; path = Emoji.swift; sourceTree = "<group>"; };
		20D70E23221EAEEA0080A180 /* Alphabet.swift */ = {isa = PBXFileReference; lastKnownFileType = sourcecode.swift; path = Alphabet.swift; sourceTree = "<group>"; };
		20D70E25221EB41C0080A180 /* Sheet.swift */ = {isa = PBXFileReference; lastKnownFileType = sourcecode.swift; path = Sheet.swift; sourceTree = "<group>"; };
		20EFFEE1221A8D9E00929257 /* Node.swift */ = {isa = PBXFileReference; lastKnownFileType = sourcecode.swift; path = Node.swift; sourceTree = "<group>"; };
		20EFFEE5221A8DD000929257 /* Vertex.swift */ = {isa = PBXFileReference; lastKnownFileType = sourcecode.swift; path = Vertex.swift; sourceTree = "<group>"; };
		20EFFEE8221A969200929257 /* Graph.swift */ = {isa = PBXFileReference; lastKnownFileType = sourcecode.swift; path = Graph.swift; sourceTree = "<group>"; };
		20EFFEEB221A974100929257 /* TestGraph.swift */ = {isa = PBXFileReference; lastKnownFileType = sourcecode.swift; path = TestGraph.swift; sourceTree = "<group>"; };
/* End PBXFileReference section */

/* Begin PBXFrameworksBuildPhase section */
		200B2E5A221847F000738347 /* Frameworks */ = {
			isa = PBXFrameworksBuildPhase;
			buildActionMask = 2147483647;
			files = (
			);
			runOnlyForDeploymentPostprocessing = 0;
		};
		200B2E67221847FC00738347 /* Frameworks */ = {
			isa = PBXFrameworksBuildPhase;
			buildActionMask = 2147483647;
			files = (
			);
			runOnlyForDeploymentPostprocessing = 0;
		};
		200B2E722218480800738347 /* Frameworks */ = {
			isa = PBXFrameworksBuildPhase;
			buildActionMask = 2147483647;
			files = (
				200B2EE222185B1800738347 /* libBreaker.a in Frameworks */,
			);
			runOnlyForDeploymentPostprocessing = 0;
		};
		200B2E812218481900738347 /* Frameworks */ = {
			isa = PBXFrameworksBuildPhase;
			buildActionMask = 2147483647;
			files = (
				200B2EDE22185B0200738347 /* libBreaker.a in Frameworks */,
			);
			runOnlyForDeploymentPostprocessing = 0;
		};
		200B2E952218482E00738347 /* Frameworks */ = {
			isa = PBXFrameworksBuildPhase;
			buildActionMask = 2147483647;
			files = (
				200B2EE122185B1200738347 /* libBreaker.a in Frameworks */,
			);
			runOnlyForDeploymentPostprocessing = 0;
		};
/* End PBXFrameworksBuildPhase section */

/* Begin PBXGroup section */
		200B2E51221847D000738347 = {
			isa = PBXGroup;
			children = (
				200B2EC122184A7500738347 /* CodeBreaker */,
				200B2EBC22184A6A00738347 /* Tests */,
				200B2EB422184A5E00738347 /* Mac */,
				200B2EAD22184A5500738347 /* iOS */,
				200B2EC622184A7A00738347 /* Shared */,
				200B2ECB2218559800738347 /* Frameworks */,
				200B2EAA22184A2500738347 /* LICENSE */,
				200B2EAC22184A2500738347 /* README.md */,
				200B2EAB22184A2500738347 /* .gitignore */,
				200B2EDC22185AEA00738347 /* libBreaker.a */,
				200B2EDD22185AEF00738347 /* libBreaker.a */,
				201EB68B2218600100E4B33F /* Tests.xctest */,
				201EB68C2218600100E4B33F /* CodeBreaker.app */,
				201EB68D2218600100E4B33F /* CodeBreaker.app */,
			);
			sourceTree = "<group>";
		};
		200B2EAD22184A5500738347 /* iOS */ = {
			isa = PBXGroup;
			children = (
				200B2EAF22184A5500738347 /* iOS.plist */,
				200B2EAE22184A5500738347 /* Splash.storyboard */,
				200B2EB022184A5500738347 /* App.swift */,
			);
			path = iOS;
			sourceTree = "<group>";
		};
		200B2EB422184A5E00738347 /* Mac */ = {
			isa = PBXGroup;
			children = (
				200B2EB522184A5E00738347 /* Mac.entitlements */,
				200B2EB722184A5E00738347 /* Mac.plist */,
				200B2EB622184A5E00738347 /* Mac.storyboard */,
				20D70E23221EAEEA0080A180 /* Alphabet.swift */,
				200B2EB822184A5E00738347 /* App.swift */,
				20D70E21221EA60F0080A180 /* Emoji.swift */,
				20D329CE221ED2E1006E48AD /* Extensions.swift */,
				20A7723622199861004F34AC /* Gradient.swift */,
				20D329BE221ECFE9006E48AD /* Link.swift */,
				20A7722422196074004F34AC /* Node.swift */,
				201D58B7221EE43500A9A6C6 /* Option.swift */,
				20D70E25221EB41C0080A180 /* Sheet.swift */,
				201EB68E2218613600E4B33F /* Terminal.swift */,
				209E943F221FF05C008BB79A /* Vertex.swift */,
				209E943D221FE1C0008BB79A /* Mac.xcassets */,
			);
			path = Mac;
			sourceTree = "<group>";
		};
		200B2EBC22184A6A00738347 /* Tests */ = {
			isa = PBXGroup;
			children = (
				200B2EBD22184A6A00738347 /* Tests.plist */,
				2043E7282219D76A00482FBC /* TestAlphabet.swift */,
				2043E7232219D42500482FBC /* TestCodes.swift */,
				2043E72A2219E24900482FBC /* TestFactory.swift */,
				20EFFEEB221A974100929257 /* TestGraph.swift */,
				200B2EBE22184A6A00738347 /* TestPlayer.swift */,
			);
			path = Tests;
			sourceTree = "<group>";
		};
		200B2EC122184A7500738347 /* CodeBreaker */ = {
			isa = PBXGroup;
			children = (
				20A7722D22198028004F34AC /* Advanced.swift */,
				2043E7252219D5A800482FBC /* Alphabet.swift */,
				2043E71A2219CD5100482FBC /* Breaker.swift */,
				2043E7202219D3BF00482FBC /* Codes.swift */,
				20A7723022198036004F34AC /* Expert.swift */,
				2043E72C2219E2A000482FBC /* Factory.swift */,
				20EFFEE8221A969200929257 /* Graph.swift */,
				20A7722722197D87004F34AC /* Level.swift */,
				2043E71D2219CF1200482FBC /* Mission.swift */,
				20EFFEE1221A8D9E00929257 /* Node.swift */,
				20A77233221989A4004F34AC /* Player.swift */,
				20A7722A22198006004F34AC /* Rookie.swift */,
				20EFFEE5221A8DD000929257 /* Vertex.swift */,
			);
			path = CodeBreaker;
			sourceTree = "<group>";
		};
		200B2EC622184A7A00738347 /* Shared */ = {
			isa = PBXGroup;
			children = (
				20D329C7221ED291006E48AD /* Fonts */,
				20D329C0221ED0C8006E48AD /* Shared.swift */,
				20D329C3221ED1BA006E48AD /* Localizable.strings */,
			);
			path = Shared;
			sourceTree = "<group>";
		};
		200B2ECB2218559800738347 /* Frameworks */ = {
			isa = PBXGroup;
			children = (
			);
			name = Frameworks;
			sourceTree = "<group>";
		};
		20D329C7221ED291006E48AD /* Fonts */ = {
			isa = PBXGroup;
			children = (
				20D329C8221ED291006E48AD /* SFMono-Light.otf */,
				20D329C9221ED291006E48AD /* SFMono-Bold.otf */,
			);
			path = Fonts;
			sourceTree = "<group>";
		};
/* End PBXGroup section */

/* Begin PBXHeadersBuildPhase section */
		200B2E58221847F000738347 /* Headers */ = {
			isa = PBXHeadersBuildPhase;
			buildActionMask = 2147483647;
			files = (
			);
			runOnlyForDeploymentPostprocessing = 0;
		};
/* End PBXHeadersBuildPhase section */

/* Begin PBXNativeTarget section */
		200B2E5B221847F000738347 /* Mac */ = {
			isa = PBXNativeTarget;
			buildConfigurationList = 200B2E63221847F000738347 /* Build configuration list for PBXNativeTarget "Mac" */;
			buildPhases = (
				200B2E58221847F000738347 /* Headers */,
				200B2E59221847F000738347 /* Sources */,
				200B2E5A221847F000738347 /* Frameworks */,
			);
			buildRules = (
			);
			dependencies = (
			);
			name = Mac;
			productName = Mac;
			productReference = 200B2EDC22185AEA00738347 /* libBreaker.a */;
			productType = "com.apple.product-type.library.static";
		};
		200B2E69221847FC00738347 /* iOS */ = {
			isa = PBXNativeTarget;
			buildConfigurationList = 200B2E6E221847FC00738347 /* Build configuration list for PBXNativeTarget "iOS" */;
			buildPhases = (
				200B2E66221847FC00738347 /* Sources */,
				200B2E67221847FC00738347 /* Frameworks */,
				200B2E68221847FC00738347 /* CopyFiles */,
			);
			buildRules = (
			);
			dependencies = (
			);
			name = iOS;
			productName = iOS;
			productReference = 200B2EDD22185AEF00738347 /* libBreaker.a */;
			productType = "com.apple.product-type.library.static";
		};
		200B2E742218480800738347 /* Tests */ = {
			isa = PBXNativeTarget;
			buildConfigurationList = 200B2E7D2218480800738347 /* Build configuration list for PBXNativeTarget "Tests" */;
			buildPhases = (
				200B2E712218480800738347 /* Sources */,
				200B2E722218480800738347 /* Frameworks */,
				200B2E732218480800738347 /* Resources */,
			);
			buildRules = (
			);
			dependencies = (
				200B2ED722185A2700738347 /* PBXTargetDependency */,
			);
			name = Tests;
			productName = Tests;
			productReference = 201EB68B2218600100E4B33F /* Tests.xctest */;
			productType = "com.apple.product-type.bundle.unit-test";
		};
		200B2E832218481900738347 /* MacApp */ = {
			isa = PBXNativeTarget;
			buildConfigurationList = 200B2E912218481A00738347 /* Build configuration list for PBXNativeTarget "MacApp" */;
			buildPhases = (
				200B2E802218481900738347 /* Sources */,
				200B2E812218481900738347 /* Frameworks */,
				200B2E822218481900738347 /* Resources */,
			);
			buildRules = (
			);
			dependencies = (
				200B2EE022185B0900738347 /* PBXTargetDependency */,
			);
			name = MacApp;
			productName = MacApp;
			productReference = 201EB68C2218600100E4B33F /* CodeBreaker.app */;
			productType = "com.apple.product-type.application";
		};
		200B2E972218482E00738347 /* iOSApp */ = {
			isa = PBXNativeTarget;
			buildConfigurationList = 200B2EA72218482E00738347 /* Build configuration list for PBXNativeTarget "iOSApp" */;
			buildPhases = (
				200B2E942218482E00738347 /* Sources */,
				200B2E952218482E00738347 /* Frameworks */,
				200B2E962218482E00738347 /* Resources */,
			);
			buildRules = (
			);
			dependencies = (
				200B2EDB22185A3700738347 /* PBXTargetDependency */,
			);
			name = iOSApp;
			productName = iOSApp;
			productReference = 201EB68D2218600100E4B33F /* CodeBreaker.app */;
			productType = "com.apple.product-type.application";
		};
/* End PBXNativeTarget section */

/* Begin PBXProject section */
		200B2E52221847D000738347 /* Project object */ = {
			isa = PBXProject;
			attributes = {
				LastSwiftUpdateCheck = 1010;
				LastUpgradeCheck = 1010;
				TargetAttributes = {
					200B2E5B221847F000738347 = {
						CreatedOnToolsVersion = 10.1;
					};
					200B2E69221847FC00738347 = {
						CreatedOnToolsVersion = 10.1;
					};
					200B2E742218480800738347 = {
						CreatedOnToolsVersion = 10.1;
					};
					200B2E832218481900738347 = {
						CreatedOnToolsVersion = 10.1;
					};
					200B2E972218482E00738347 = {
						CreatedOnToolsVersion = 10.1;
					};
				};
			};
			buildConfigurationList = 200B2E55221847D000738347 /* Build configuration list for PBXProject "CodeBreaker" */;
			compatibilityVersion = "Xcode 9.3";
			developmentRegion = en;
			hasScannedForEncodings = 0;
			knownRegions = (
				en,
			);
			mainGroup = 200B2E51221847D000738347;
			productRefGroup = 200B2E51221847D000738347;
			projectDirPath = "";
			projectRoot = "";
			targets = (
				200B2E5B221847F000738347 /* Mac */,
				200B2E69221847FC00738347 /* iOS */,
				200B2E742218480800738347 /* Tests */,
				200B2E832218481900738347 /* MacApp */,
				200B2E972218482E00738347 /* iOSApp */,
			);
		};
/* End PBXProject section */

/* Begin PBXResourcesBuildPhase section */
		200B2E732218480800738347 /* Resources */ = {
			isa = PBXResourcesBuildPhase;
			buildActionMask = 2147483647;
			files = (
			);
			runOnlyForDeploymentPostprocessing = 0;
		};
		200B2E822218481900738347 /* Resources */ = {
			isa = PBXResourcesBuildPhase;
			buildActionMask = 2147483647;
			files = (
				20D329CA221ED291006E48AD /* SFMono-Light.otf in Resources */,
				209E943E221FE1C0008BB79A /* Mac.xcassets in Resources */,
				200B2EB922184A5E00738347 /* Mac.storyboard in Resources */,
				20D329CC221ED291006E48AD /* SFMono-Bold.otf in Resources */,
				20D329C5221ED1BA006E48AD /* Localizable.strings in Resources */,
			);
			runOnlyForDeploymentPostprocessing = 0;
		};
		200B2E962218482E00738347 /* Resources */ = {
			isa = PBXResourcesBuildPhase;
			buildActionMask = 2147483647;
			files = (
				20D329CB221ED291006E48AD /* SFMono-Light.otf in Resources */,
				200B2EB122184A5500738347 /* Splash.storyboard in Resources */,
				20D329CD221ED291006E48AD /* SFMono-Bold.otf in Resources */,
				20D329C6221ED1BA006E48AD /* Localizable.strings in Resources */,
			);
			runOnlyForDeploymentPostprocessing = 0;
		};
/* End PBXResourcesBuildPhase section */

/* Begin PBXSourcesBuildPhase section */
		200B2E59221847F000738347 /* Sources */ = {
			isa = PBXSourcesBuildPhase;
			buildActionMask = 2147483647;
			files = (
				20A7723122198036004F34AC /* Expert.swift in Sources */,
				20EFFEE9221A969200929257 /* Graph.swift in Sources */,
				2043E7212219D3BF00482FBC /* Codes.swift in Sources */,
				2043E72D2219E2A000482FBC /* Factory.swift in Sources */,
				20EFFEE3221A8DA200929257 /* Node.swift in Sources */,
				20A7722822197D87004F34AC /* Level.swift in Sources */,
				20EFFEE6221A8DD000929257 /* Vertex.swift in Sources */,
				20A7722B22198006004F34AC /* Rookie.swift in Sources */,
				2043E71B2219CD5100482FBC /* Breaker.swift in Sources */,
				2043E7262219D5A800482FBC /* Alphabet.swift in Sources */,
				2043E71E2219CF1200482FBC /* Mission.swift in Sources */,
				20A77234221989A4004F34AC /* Player.swift in Sources */,
				20A7722E22198028004F34AC /* Advanced.swift in Sources */,
			);
			runOnlyForDeploymentPostprocessing = 0;
		};
		200B2E66221847FC00738347 /* Sources */ = {
			isa = PBXSourcesBuildPhase;
			buildActionMask = 2147483647;
			files = (
				20A7723222198036004F34AC /* Expert.swift in Sources */,
				20EFFEEA221A969200929257 /* Graph.swift in Sources */,
				2043E7222219D3BF00482FBC /* Codes.swift in Sources */,
				2043E72E2219E2A000482FBC /* Factory.swift in Sources */,
				20EFFEE4221A8DA300929257 /* Node.swift in Sources */,
				20A7722922197D87004F34AC /* Level.swift in Sources */,
				20EFFEE7221A8DD000929257 /* Vertex.swift in Sources */,
				20A7722C22198006004F34AC /* Rookie.swift in Sources */,
				2043E71C2219CD5100482FBC /* Breaker.swift in Sources */,
				2043E7272219D5A800482FBC /* Alphabet.swift in Sources */,
				2043E71F2219CF1200482FBC /* Mission.swift in Sources */,
				20A77235221989A4004F34AC /* Player.swift in Sources */,
				20A7722F22198028004F34AC /* Advanced.swift in Sources */,
			);
			runOnlyForDeploymentPostprocessing = 0;
		};
		200B2E712218480800738347 /* Sources */ = {
			isa = PBXSourcesBuildPhase;
			buildActionMask = 2147483647;
			files = (
				2043E72B2219E24900482FBC /* TestFactory.swift in Sources */,
				2043E7242219D42500482FBC /* TestCodes.swift in Sources */,
				20EFFEEC221A974100929257 /* TestGraph.swift in Sources */,
				2043E7292219D76A00482FBC /* TestAlphabet.swift in Sources */,
				200B2EC022184A6A00738347 /* TestPlayer.swift in Sources */,
			);
			runOnlyForDeploymentPostprocessing = 0;
		};
		200B2E802218481900738347 /* Sources */ = {
			isa = PBXSourcesBuildPhase;
			buildActionMask = 2147483647;
			files = (
				20D70E24221EAEEA0080A180 /* Alphabet.swift in Sources */,
				20D329C1221ED0C8006E48AD /* Shared.swift in Sources */,
				20D70E22221EA60F0080A180 /* Emoji.swift in Sources */,
				201D58B8221EE43500A9A6C6 /* Option.swift in Sources */,
				20A7722622196102004F34AC /* Node.swift in Sources */,
				209E9440221FF05C008BB79A /* Vertex.swift in Sources */,
				20D329BF221ECFE9006E48AD /* Link.swift in Sources */,
				20D329CF221ED2E1006E48AD /* Extensions.swift in Sources */,
				20A7723722199861004F34AC /* Gradient.swift in Sources */,
				200B2EBB22184A5E00738347 /* App.swift in Sources */,
				201EB68F2218613600E4B33F /* Terminal.swift in Sources */,
				20D70E26221EB41C0080A180 /* Sheet.swift in Sources */,
			);
			runOnlyForDeploymentPostprocessing = 0;
		};
		200B2E942218482E00738347 /* Sources */ = {
			isa = PBXSourcesBuildPhase;
			buildActionMask = 2147483647;
			files = (
				200B2EB322184A5500738347 /* App.swift in Sources */,
				20D329C2221ED0C8006E48AD /* Shared.swift in Sources */,
			);
			runOnlyForDeploymentPostprocessing = 0;
		};
/* End PBXSourcesBuildPhase section */

/* Begin PBXTargetDependency section */
		200B2ED722185A2700738347 /* PBXTargetDependency */ = {
			isa = PBXTargetDependency;
			target = 200B2E5B221847F000738347 /* Mac */;
			targetProxy = 200B2ED622185A2700738347 /* PBXContainerItemProxy */;
		};
		200B2EDB22185A3700738347 /* PBXTargetDependency */ = {
			isa = PBXTargetDependency;
			target = 200B2E69221847FC00738347 /* iOS */;
			targetProxy = 200B2EDA22185A3700738347 /* PBXContainerItemProxy */;
		};
		200B2EE022185B0900738347 /* PBXTargetDependency */ = {
			isa = PBXTargetDependency;
			target = 200B2E5B221847F000738347 /* Mac */;
			targetProxy = 200B2EDF22185B0900738347 /* PBXContainerItemProxy */;
		};
/* End PBXTargetDependency section */

/* Begin PBXVariantGroup section */
		20D329C3221ED1BA006E48AD /* Localizable.strings */ = {
			isa = PBXVariantGroup;
			children = (
				20D329C4221ED1BA006E48AD /* en */,
			);
			name = Localizable.strings;
			sourceTree = "<group>";
		};
/* End PBXVariantGroup section */

/* Begin XCBuildConfiguration section */
		200B2E56221847D000738347 /* Debug */ = {
			isa = XCBuildConfiguration;
			buildSettings = {
				CLANG_ENABLE_MODULES = YES;
				DEBUG_INFORMATION_FORMAT = dwarf;
				ENABLE_BITCODE = YES;
				GCC_OPTIMIZATION_LEVEL = 0;
				IPHONEOS_DEPLOYMENT_TARGET = 9.0;
				MACOSX_DEPLOYMENT_TARGET = 10.11;
				PRODUCT_NAME = Breaker;
				SWIFT_INSTALL_OBJC_HEADER = NO;
				SWIFT_OPTIMIZATION_LEVEL = "-Onone";
				SWIFT_VERSION = 4.2;
			};
			name = Debug;
		};
		200B2E57221847D000738347 /* Release */ = {
			isa = XCBuildConfiguration;
			buildSettings = {
				CLANG_ENABLE_MODULES = YES;
				DEBUG_INFORMATION_FORMAT = dwarf;
				ENABLE_BITCODE = YES;
				IPHONEOS_DEPLOYMENT_TARGET = 9.0;
				MACOSX_DEPLOYMENT_TARGET = 10.11;
				PRODUCT_NAME = Breaker;
				SWIFT_INSTALL_OBJC_HEADER = NO;
				SWIFT_OPTIMIZATION_LEVEL = "-Osize";
				SWIFT_VERSION = 4.2;
			};
			name = Release;
		};
		200B2E64221847F000738347 /* Debug */ = {
			isa = XCBuildConfiguration;
			buildSettings = {
				ALWAYS_SEARCH_USER_PATHS = NO;
				CLANG_ANALYZER_NONNULL = YES;
				CLANG_ANALYZER_NUMBER_OBJECT_CONVERSION = YES_AGGRESSIVE;
				CLANG_CXX_LANGUAGE_STANDARD = "gnu++14";
				CLANG_CXX_LIBRARY = "libc++";
				CLANG_ENABLE_OBJC_ARC = YES;
				CLANG_ENABLE_OBJC_WEAK = YES;
				CLANG_WARN_BLOCK_CAPTURE_AUTORELEASING = YES;
				CLANG_WARN_BOOL_CONVERSION = YES;
				CLANG_WARN_COMMA = YES;
				CLANG_WARN_CONSTANT_CONVERSION = YES;
				CLANG_WARN_DEPRECATED_OBJC_IMPLEMENTATIONS = YES;
				CLANG_WARN_DIRECT_OBJC_ISA_USAGE = YES_ERROR;
				CLANG_WARN_DOCUMENTATION_COMMENTS = YES;
				CLANG_WARN_EMPTY_BODY = YES;
				CLANG_WARN_ENUM_CONVERSION = YES;
				CLANG_WARN_INFINITE_RECURSION = YES;
				CLANG_WARN_INT_CONVERSION = YES;
				CLANG_WARN_NON_LITERAL_NULL_CONVERSION = YES;
				CLANG_WARN_OBJC_IMPLICIT_RETAIN_SELF = YES;
				CLANG_WARN_OBJC_LITERAL_CONVERSION = YES;
				CLANG_WARN_OBJC_ROOT_CLASS = YES_ERROR;
				CLANG_WARN_RANGE_LOOP_ANALYSIS = YES;
				CLANG_WARN_STRICT_PROTOTYPES = YES;
				CLANG_WARN_SUSPICIOUS_MOVE = YES;
				CLANG_WARN_UNGUARDED_AVAILABILITY = YES_AGGRESSIVE;
				CLANG_WARN_UNREACHABLE_CODE = YES;
				CLANG_WARN__DUPLICATE_METHOD_MATCH = YES;
				CODE_SIGN_IDENTITY = "Mac Developer";
				CODE_SIGN_STYLE = Automatic;
				COPY_PHASE_STRIP = NO;
				DEVELOPMENT_TEAM = 7AMWG3RLHN;
				ENABLE_STRICT_OBJC_MSGSEND = YES;
				ENABLE_TESTABILITY = YES;
				EXECUTABLE_PREFIX = lib;
				GCC_C_LANGUAGE_STANDARD = gnu11;
				GCC_DYNAMIC_NO_PIC = NO;
				GCC_NO_COMMON_BLOCKS = YES;
				GCC_PREPROCESSOR_DEFINITIONS = (
					"DEBUG=1",
					"$(inherited)",
				);
				GCC_WARN_64_TO_32_BIT_CONVERSION = YES;
				GCC_WARN_ABOUT_RETURN_TYPE = YES_ERROR;
				GCC_WARN_UNDECLARED_SELECTOR = YES;
				GCC_WARN_UNINITIALIZED_AUTOS = YES_AGGRESSIVE;
				GCC_WARN_UNUSED_FUNCTION = YES;
				GCC_WARN_UNUSED_VARIABLE = YES;
				MTL_ENABLE_DEBUG_INFO = INCLUDE_SOURCE;
				MTL_FAST_MATH = YES;
				ONLY_ACTIVE_ARCH = YES;
				SDKROOT = macosx;
				SKIP_INSTALL = YES;
			};
			name = Debug;
		};
		200B2E65221847F000738347 /* Release */ = {
			isa = XCBuildConfiguration;
			buildSettings = {
				ALWAYS_SEARCH_USER_PATHS = NO;
				CLANG_ANALYZER_NONNULL = YES;
				CLANG_ANALYZER_NUMBER_OBJECT_CONVERSION = YES_AGGRESSIVE;
				CLANG_CXX_LANGUAGE_STANDARD = "gnu++14";
				CLANG_CXX_LIBRARY = "libc++";
				CLANG_ENABLE_OBJC_ARC = YES;
				CLANG_ENABLE_OBJC_WEAK = YES;
				CLANG_WARN_BLOCK_CAPTURE_AUTORELEASING = YES;
				CLANG_WARN_BOOL_CONVERSION = YES;
				CLANG_WARN_COMMA = YES;
				CLANG_WARN_CONSTANT_CONVERSION = YES;
				CLANG_WARN_DEPRECATED_OBJC_IMPLEMENTATIONS = YES;
				CLANG_WARN_DIRECT_OBJC_ISA_USAGE = YES_ERROR;
				CLANG_WARN_DOCUMENTATION_COMMENTS = YES;
				CLANG_WARN_EMPTY_BODY = YES;
				CLANG_WARN_ENUM_CONVERSION = YES;
				CLANG_WARN_INFINITE_RECURSION = YES;
				CLANG_WARN_INT_CONVERSION = YES;
				CLANG_WARN_NON_LITERAL_NULL_CONVERSION = YES;
				CLANG_WARN_OBJC_IMPLICIT_RETAIN_SELF = YES;
				CLANG_WARN_OBJC_LITERAL_CONVERSION = YES;
				CLANG_WARN_OBJC_ROOT_CLASS = YES_ERROR;
				CLANG_WARN_RANGE_LOOP_ANALYSIS = YES;
				CLANG_WARN_STRICT_PROTOTYPES = YES;
				CLANG_WARN_SUSPICIOUS_MOVE = YES;
				CLANG_WARN_UNGUARDED_AVAILABILITY = YES_AGGRESSIVE;
				CLANG_WARN_UNREACHABLE_CODE = YES;
				CLANG_WARN__DUPLICATE_METHOD_MATCH = YES;
				CODE_SIGN_IDENTITY = "Mac Developer";
				CODE_SIGN_STYLE = Automatic;
				COPY_PHASE_STRIP = NO;
				DEVELOPMENT_TEAM = 7AMWG3RLHN;
				ENABLE_NS_ASSERTIONS = NO;
				ENABLE_STRICT_OBJC_MSGSEND = YES;
				EXECUTABLE_PREFIX = lib;
				GCC_C_LANGUAGE_STANDARD = gnu11;
				GCC_NO_COMMON_BLOCKS = YES;
				GCC_WARN_64_TO_32_BIT_CONVERSION = YES;
				GCC_WARN_ABOUT_RETURN_TYPE = YES_ERROR;
				GCC_WARN_UNDECLARED_SELECTOR = YES;
				GCC_WARN_UNINITIALIZED_AUTOS = YES_AGGRESSIVE;
				GCC_WARN_UNUSED_FUNCTION = YES;
				GCC_WARN_UNUSED_VARIABLE = YES;
				MTL_ENABLE_DEBUG_INFO = NO;
				MTL_FAST_MATH = YES;
				SDKROOT = macosx;
				SKIP_INSTALL = YES;
			};
			name = Release;
		};
		200B2E6F221847FC00738347 /* Debug */ = {
			isa = XCBuildConfiguration;
			buildSettings = {
				ALWAYS_SEARCH_USER_PATHS = NO;
				CLANG_ANALYZER_NONNULL = YES;
				CLANG_ANALYZER_NUMBER_OBJECT_CONVERSION = YES_AGGRESSIVE;
				CLANG_CXX_LANGUAGE_STANDARD = "gnu++14";
				CLANG_CXX_LIBRARY = "libc++";
				CLANG_ENABLE_OBJC_ARC = YES;
				CLANG_ENABLE_OBJC_WEAK = YES;
				CLANG_WARN_BLOCK_CAPTURE_AUTORELEASING = YES;
				CLANG_WARN_BOOL_CONVERSION = YES;
				CLANG_WARN_COMMA = YES;
				CLANG_WARN_CONSTANT_CONVERSION = YES;
				CLANG_WARN_DEPRECATED_OBJC_IMPLEMENTATIONS = YES;
				CLANG_WARN_DIRECT_OBJC_ISA_USAGE = YES_ERROR;
				CLANG_WARN_DOCUMENTATION_COMMENTS = YES;
				CLANG_WARN_EMPTY_BODY = YES;
				CLANG_WARN_ENUM_CONVERSION = YES;
				CLANG_WARN_INFINITE_RECURSION = YES;
				CLANG_WARN_INT_CONVERSION = YES;
				CLANG_WARN_NON_LITERAL_NULL_CONVERSION = YES;
				CLANG_WARN_OBJC_IMPLICIT_RETAIN_SELF = YES;
				CLANG_WARN_OBJC_LITERAL_CONVERSION = YES;
				CLANG_WARN_OBJC_ROOT_CLASS = YES_ERROR;
				CLANG_WARN_RANGE_LOOP_ANALYSIS = YES;
				CLANG_WARN_STRICT_PROTOTYPES = YES;
				CLANG_WARN_SUSPICIOUS_MOVE = YES;
				CLANG_WARN_UNGUARDED_AVAILABILITY = YES_AGGRESSIVE;
				CLANG_WARN_UNREACHABLE_CODE = YES;
				CLANG_WARN__DUPLICATE_METHOD_MATCH = YES;
				CODE_SIGN_IDENTITY = "iPhone Developer";
				CODE_SIGN_STYLE = Automatic;
				COPY_PHASE_STRIP = NO;
				DEVELOPMENT_TEAM = 7AMWG3RLHN;
				ENABLE_STRICT_OBJC_MSGSEND = YES;
				ENABLE_TESTABILITY = YES;
				GCC_C_LANGUAGE_STANDARD = gnu11;
				GCC_DYNAMIC_NO_PIC = NO;
				GCC_NO_COMMON_BLOCKS = YES;
				GCC_PREPROCESSOR_DEFINITIONS = (
					"DEBUG=1",
					"$(inherited)",
				);
				GCC_WARN_64_TO_32_BIT_CONVERSION = YES;
				GCC_WARN_ABOUT_RETURN_TYPE = YES_ERROR;
				GCC_WARN_UNDECLARED_SELECTOR = YES;
				GCC_WARN_UNINITIALIZED_AUTOS = YES_AGGRESSIVE;
				GCC_WARN_UNUSED_FUNCTION = YES;
				GCC_WARN_UNUSED_VARIABLE = YES;
				MTL_ENABLE_DEBUG_INFO = INCLUDE_SOURCE;
				MTL_FAST_MATH = YES;
				ONLY_ACTIVE_ARCH = YES;
				OTHER_LDFLAGS = "-ObjC";
				SDKROOT = iphoneos;
				SKIP_INSTALL = YES;
				SWIFT_ACTIVE_COMPILATION_CONDITIONS = DEBUG;
				TARGETED_DEVICE_FAMILY = "1,2";
			};
			name = Debug;
		};
		200B2E70221847FC00738347 /* Release */ = {
			isa = XCBuildConfiguration;
			buildSettings = {
				ALWAYS_SEARCH_USER_PATHS = NO;
				CLANG_ANALYZER_NONNULL = YES;
				CLANG_ANALYZER_NUMBER_OBJECT_CONVERSION = YES_AGGRESSIVE;
				CLANG_CXX_LANGUAGE_STANDARD = "gnu++14";
				CLANG_CXX_LIBRARY = "libc++";
				CLANG_ENABLE_OBJC_ARC = YES;
				CLANG_ENABLE_OBJC_WEAK = YES;
				CLANG_WARN_BLOCK_CAPTURE_AUTORELEASING = YES;
				CLANG_WARN_BOOL_CONVERSION = YES;
				CLANG_WARN_COMMA = YES;
				CLANG_WARN_CONSTANT_CONVERSION = YES;
				CLANG_WARN_DEPRECATED_OBJC_IMPLEMENTATIONS = YES;
				CLANG_WARN_DIRECT_OBJC_ISA_USAGE = YES_ERROR;
				CLANG_WARN_DOCUMENTATION_COMMENTS = YES;
				CLANG_WARN_EMPTY_BODY = YES;
				CLANG_WARN_ENUM_CONVERSION = YES;
				CLANG_WARN_INFINITE_RECURSION = YES;
				CLANG_WARN_INT_CONVERSION = YES;
				CLANG_WARN_NON_LITERAL_NULL_CONVERSION = YES;
				CLANG_WARN_OBJC_IMPLICIT_RETAIN_SELF = YES;
				CLANG_WARN_OBJC_LITERAL_CONVERSION = YES;
				CLANG_WARN_OBJC_ROOT_CLASS = YES_ERROR;
				CLANG_WARN_RANGE_LOOP_ANALYSIS = YES;
				CLANG_WARN_STRICT_PROTOTYPES = YES;
				CLANG_WARN_SUSPICIOUS_MOVE = YES;
				CLANG_WARN_UNGUARDED_AVAILABILITY = YES_AGGRESSIVE;
				CLANG_WARN_UNREACHABLE_CODE = YES;
				CLANG_WARN__DUPLICATE_METHOD_MATCH = YES;
				CODE_SIGN_IDENTITY = "iPhone Developer";
				CODE_SIGN_STYLE = Automatic;
				COPY_PHASE_STRIP = NO;
				DEVELOPMENT_TEAM = 7AMWG3RLHN;
				ENABLE_NS_ASSERTIONS = NO;
				ENABLE_STRICT_OBJC_MSGSEND = YES;
				GCC_C_LANGUAGE_STANDARD = gnu11;
				GCC_NO_COMMON_BLOCKS = YES;
				GCC_WARN_64_TO_32_BIT_CONVERSION = YES;
				GCC_WARN_ABOUT_RETURN_TYPE = YES_ERROR;
				GCC_WARN_UNDECLARED_SELECTOR = YES;
				GCC_WARN_UNINITIALIZED_AUTOS = YES_AGGRESSIVE;
				GCC_WARN_UNUSED_FUNCTION = YES;
				GCC_WARN_UNUSED_VARIABLE = YES;
				MTL_ENABLE_DEBUG_INFO = NO;
				MTL_FAST_MATH = YES;
				OTHER_LDFLAGS = "-ObjC";
				SDKROOT = iphoneos;
				SKIP_INSTALL = YES;
				SWIFT_COMPILATION_MODE = wholemodule;
				TARGETED_DEVICE_FAMILY = "1,2";
				VALIDATE_PRODUCT = YES;
			};
			name = Release;
		};
		200B2E7E2218480800738347 /* Debug */ = {
			isa = XCBuildConfiguration;
			buildSettings = {
				ALWAYS_SEARCH_USER_PATHS = NO;
				CLANG_ANALYZER_NONNULL = YES;
				CLANG_ANALYZER_NUMBER_OBJECT_CONVERSION = YES_AGGRESSIVE;
				CLANG_CXX_LANGUAGE_STANDARD = "gnu++14";
				CLANG_CXX_LIBRARY = "libc++";
				CLANG_ENABLE_OBJC_ARC = YES;
				CLANG_ENABLE_OBJC_WEAK = YES;
				CLANG_WARN_BLOCK_CAPTURE_AUTORELEASING = YES;
				CLANG_WARN_BOOL_CONVERSION = YES;
				CLANG_WARN_COMMA = YES;
				CLANG_WARN_CONSTANT_CONVERSION = YES;
				CLANG_WARN_DEPRECATED_OBJC_IMPLEMENTATIONS = YES;
				CLANG_WARN_DIRECT_OBJC_ISA_USAGE = YES_ERROR;
				CLANG_WARN_DOCUMENTATION_COMMENTS = YES;
				CLANG_WARN_EMPTY_BODY = YES;
				CLANG_WARN_ENUM_CONVERSION = YES;
				CLANG_WARN_INFINITE_RECURSION = YES;
				CLANG_WARN_INT_CONVERSION = YES;
				CLANG_WARN_NON_LITERAL_NULL_CONVERSION = YES;
				CLANG_WARN_OBJC_IMPLICIT_RETAIN_SELF = YES;
				CLANG_WARN_OBJC_LITERAL_CONVERSION = YES;
				CLANG_WARN_OBJC_ROOT_CLASS = YES_ERROR;
				CLANG_WARN_RANGE_LOOP_ANALYSIS = YES;
				CLANG_WARN_STRICT_PROTOTYPES = YES;
				CLANG_WARN_SUSPICIOUS_MOVE = YES;
				CLANG_WARN_UNGUARDED_AVAILABILITY = YES_AGGRESSIVE;
				CLANG_WARN_UNREACHABLE_CODE = YES;
				CLANG_WARN__DUPLICATE_METHOD_MATCH = YES;
				CODE_SIGN_IDENTITY = "Mac Developer";
				CODE_SIGN_STYLE = Automatic;
				COMBINE_HIDPI_IMAGES = YES;
				COPY_PHASE_STRIP = NO;
				DEVELOPMENT_TEAM = 7AMWG3RLHN;
				ENABLE_STRICT_OBJC_MSGSEND = YES;
				ENABLE_TESTABILITY = YES;
				GCC_C_LANGUAGE_STANDARD = gnu11;
				GCC_DYNAMIC_NO_PIC = NO;
				GCC_NO_COMMON_BLOCKS = YES;
				GCC_PREPROCESSOR_DEFINITIONS = (
					"DEBUG=1",
					"$(inherited)",
				);
				GCC_WARN_64_TO_32_BIT_CONVERSION = YES;
				GCC_WARN_ABOUT_RETURN_TYPE = YES_ERROR;
				GCC_WARN_UNDECLARED_SELECTOR = YES;
				GCC_WARN_UNINITIALIZED_AUTOS = YES_AGGRESSIVE;
				GCC_WARN_UNUSED_FUNCTION = YES;
				GCC_WARN_UNUSED_VARIABLE = YES;
				INFOPLIST_FILE = Tests/Tests.plist;
				LD_RUNPATH_SEARCH_PATHS = (
					"$(inherited)",
					"@executable_path/../Frameworks",
					"@loader_path/../Frameworks",
				);
				MACOSX_DEPLOYMENT_TARGET = 10.14;
				MTL_ENABLE_DEBUG_INFO = INCLUDE_SOURCE;
				MTL_FAST_MATH = YES;
				ONLY_ACTIVE_ARCH = YES;
				PRODUCT_BUNDLE_IDENTIFIER = iturbide.Tests;
				PRODUCT_NAME = "$(TARGET_NAME)";
				SDKROOT = macosx;
				SWIFT_ACTIVE_COMPILATION_CONDITIONS = DEBUG;
			};
			name = Debug;
		};
		200B2E7F2218480800738347 /* Release */ = {
			isa = XCBuildConfiguration;
			buildSettings = {
				ALWAYS_SEARCH_USER_PATHS = NO;
				CLANG_ANALYZER_NONNULL = YES;
				CLANG_ANALYZER_NUMBER_OBJECT_CONVERSION = YES_AGGRESSIVE;
				CLANG_CXX_LANGUAGE_STANDARD = "gnu++14";
				CLANG_CXX_LIBRARY = "libc++";
				CLANG_ENABLE_OBJC_ARC = YES;
				CLANG_ENABLE_OBJC_WEAK = YES;
				CLANG_WARN_BLOCK_CAPTURE_AUTORELEASING = YES;
				CLANG_WARN_BOOL_CONVERSION = YES;
				CLANG_WARN_COMMA = YES;
				CLANG_WARN_CONSTANT_CONVERSION = YES;
				CLANG_WARN_DEPRECATED_OBJC_IMPLEMENTATIONS = YES;
				CLANG_WARN_DIRECT_OBJC_ISA_USAGE = YES_ERROR;
				CLANG_WARN_DOCUMENTATION_COMMENTS = YES;
				CLANG_WARN_EMPTY_BODY = YES;
				CLANG_WARN_ENUM_CONVERSION = YES;
				CLANG_WARN_INFINITE_RECURSION = YES;
				CLANG_WARN_INT_CONVERSION = YES;
				CLANG_WARN_NON_LITERAL_NULL_CONVERSION = YES;
				CLANG_WARN_OBJC_IMPLICIT_RETAIN_SELF = YES;
				CLANG_WARN_OBJC_LITERAL_CONVERSION = YES;
				CLANG_WARN_OBJC_ROOT_CLASS = YES_ERROR;
				CLANG_WARN_RANGE_LOOP_ANALYSIS = YES;
				CLANG_WARN_STRICT_PROTOTYPES = YES;
				CLANG_WARN_SUSPICIOUS_MOVE = YES;
				CLANG_WARN_UNGUARDED_AVAILABILITY = YES_AGGRESSIVE;
				CLANG_WARN_UNREACHABLE_CODE = YES;
				CLANG_WARN__DUPLICATE_METHOD_MATCH = YES;
				CODE_SIGN_IDENTITY = "Mac Developer";
				CODE_SIGN_STYLE = Automatic;
				COMBINE_HIDPI_IMAGES = YES;
				COPY_PHASE_STRIP = NO;
				DEVELOPMENT_TEAM = 7AMWG3RLHN;
				ENABLE_NS_ASSERTIONS = NO;
				ENABLE_STRICT_OBJC_MSGSEND = YES;
				GCC_C_LANGUAGE_STANDARD = gnu11;
				GCC_NO_COMMON_BLOCKS = YES;
				GCC_WARN_64_TO_32_BIT_CONVERSION = YES;
				GCC_WARN_ABOUT_RETURN_TYPE = YES_ERROR;
				GCC_WARN_UNDECLARED_SELECTOR = YES;
				GCC_WARN_UNINITIALIZED_AUTOS = YES_AGGRESSIVE;
				GCC_WARN_UNUSED_FUNCTION = YES;
				GCC_WARN_UNUSED_VARIABLE = YES;
				INFOPLIST_FILE = Tests/Tests.plist;
				LD_RUNPATH_SEARCH_PATHS = (
					"$(inherited)",
					"@executable_path/../Frameworks",
					"@loader_path/../Frameworks",
				);
				MACOSX_DEPLOYMENT_TARGET = 10.14;
				MTL_ENABLE_DEBUG_INFO = NO;
				MTL_FAST_MATH = YES;
				PRODUCT_BUNDLE_IDENTIFIER = iturbide.Tests;
				PRODUCT_NAME = "$(TARGET_NAME)";
				SDKROOT = macosx;
				SWIFT_COMPILATION_MODE = wholemodule;
			};
			name = Release;
		};
		200B2E922218481A00738347 /* Debug */ = {
			isa = XCBuildConfiguration;
			buildSettings = {
				ALWAYS_SEARCH_USER_PATHS = NO;
				CLANG_ANALYZER_NONNULL = YES;
				CLANG_ANALYZER_NUMBER_OBJECT_CONVERSION = YES_AGGRESSIVE;
				CLANG_CXX_LANGUAGE_STANDARD = "gnu++14";
				CLANG_CXX_LIBRARY = "libc++";
				CLANG_ENABLE_OBJC_ARC = YES;
				CLANG_ENABLE_OBJC_WEAK = YES;
				CLANG_WARN_BLOCK_CAPTURE_AUTORELEASING = YES;
				CLANG_WARN_BOOL_CONVERSION = YES;
				CLANG_WARN_COMMA = YES;
				CLANG_WARN_CONSTANT_CONVERSION = YES;
				CLANG_WARN_DEPRECATED_OBJC_IMPLEMENTATIONS = YES;
				CLANG_WARN_DIRECT_OBJC_ISA_USAGE = YES_ERROR;
				CLANG_WARN_DOCUMENTATION_COMMENTS = YES;
				CLANG_WARN_EMPTY_BODY = YES;
				CLANG_WARN_ENUM_CONVERSION = YES;
				CLANG_WARN_INFINITE_RECURSION = YES;
				CLANG_WARN_INT_CONVERSION = YES;
				CLANG_WARN_NON_LITERAL_NULL_CONVERSION = YES;
				CLANG_WARN_OBJC_IMPLICIT_RETAIN_SELF = YES;
				CLANG_WARN_OBJC_LITERAL_CONVERSION = YES;
				CLANG_WARN_OBJC_ROOT_CLASS = YES_ERROR;
				CLANG_WARN_RANGE_LOOP_ANALYSIS = YES;
				CLANG_WARN_STRICT_PROTOTYPES = YES;
				CLANG_WARN_SUSPICIOUS_MOVE = YES;
				CLANG_WARN_UNGUARDED_AVAILABILITY = YES_AGGRESSIVE;
				CLANG_WARN_UNREACHABLE_CODE = YES;
				CLANG_WARN__DUPLICATE_METHOD_MATCH = YES;
				CODE_SIGN_ENTITLEMENTS = Mac/Mac.entitlements;
				CODE_SIGN_IDENTITY = "Mac Developer";
				CODE_SIGN_STYLE = Automatic;
				COMBINE_HIDPI_IMAGES = YES;
				COPY_PHASE_STRIP = NO;
				DEVELOPMENT_TEAM = 7AMWG3RLHN;
				ENABLE_STRICT_OBJC_MSGSEND = YES;
				ENABLE_TESTABILITY = YES;
				GCC_C_LANGUAGE_STANDARD = gnu11;
				GCC_DYNAMIC_NO_PIC = NO;
				GCC_NO_COMMON_BLOCKS = YES;
				GCC_PREPROCESSOR_DEFINITIONS = (
					"DEBUG=1",
					"$(inherited)",
				);
				GCC_WARN_64_TO_32_BIT_CONVERSION = YES;
				GCC_WARN_ABOUT_RETURN_TYPE = YES_ERROR;
				GCC_WARN_UNDECLARED_SELECTOR = YES;
				GCC_WARN_UNINITIALIZED_AUTOS = YES_AGGRESSIVE;
				GCC_WARN_UNUSED_FUNCTION = YES;
				GCC_WARN_UNUSED_VARIABLE = YES;
				INFOPLIST_FILE = Mac/Mac.plist;
				LD_RUNPATH_SEARCH_PATHS = (
					"$(inherited)",
					"@executable_path/../Frameworks",
				);
				MTL_ENABLE_DEBUG_INFO = INCLUDE_SOURCE;
				MTL_FAST_MATH = YES;
				ONLY_ACTIVE_ARCH = YES;
				PRODUCT_BUNDLE_IDENTIFIER = CodeBreaker.Mac;
				PRODUCT_NAME = CodeBreaker;
				SDKROOT = macosx;
				SWIFT_ACTIVE_COMPILATION_CONDITIONS = DEBUG;
			};
			name = Debug;
		};
		200B2E932218481A00738347 /* Release */ = {
			isa = XCBuildConfiguration;
			buildSettings = {
				ALWAYS_SEARCH_USER_PATHS = NO;
				CLANG_ANALYZER_NONNULL = YES;
				CLANG_ANALYZER_NUMBER_OBJECT_CONVERSION = YES_AGGRESSIVE;
				CLANG_CXX_LANGUAGE_STANDARD = "gnu++14";
				CLANG_CXX_LIBRARY = "libc++";
				CLANG_ENABLE_OBJC_ARC = YES;
				CLANG_ENABLE_OBJC_WEAK = YES;
				CLANG_WARN_BLOCK_CAPTURE_AUTORELEASING = YES;
				CLANG_WARN_BOOL_CONVERSION = YES;
				CLANG_WARN_COMMA = YES;
				CLANG_WARN_CONSTANT_CONVERSION = YES;
				CLANG_WARN_DEPRECATED_OBJC_IMPLEMENTATIONS = YES;
				CLANG_WARN_DIRECT_OBJC_ISA_USAGE = YES_ERROR;
				CLANG_WARN_DOCUMENTATION_COMMENTS = YES;
				CLANG_WARN_EMPTY_BODY = YES;
				CLANG_WARN_ENUM_CONVERSION = YES;
				CLANG_WARN_INFINITE_RECURSION = YES;
				CLANG_WARN_INT_CONVERSION = YES;
				CLANG_WARN_NON_LITERAL_NULL_CONVERSION = YES;
				CLANG_WARN_OBJC_IMPLICIT_RETAIN_SELF = YES;
				CLANG_WARN_OBJC_LITERAL_CONVERSION = YES;
				CLANG_WARN_OBJC_ROOT_CLASS = YES_ERROR;
				CLANG_WARN_RANGE_LOOP_ANALYSIS = YES;
				CLANG_WARN_STRICT_PROTOTYPES = YES;
				CLANG_WARN_SUSPICIOUS_MOVE = YES;
				CLANG_WARN_UNGUARDED_AVAILABILITY = YES_AGGRESSIVE;
				CLANG_WARN_UNREACHABLE_CODE = YES;
				CLANG_WARN__DUPLICATE_METHOD_MATCH = YES;
				CODE_SIGN_ENTITLEMENTS = Mac/Mac.entitlements;
				CODE_SIGN_IDENTITY = "Mac Developer";
				CODE_SIGN_STYLE = Automatic;
				COMBINE_HIDPI_IMAGES = YES;
				COPY_PHASE_STRIP = NO;
				DEVELOPMENT_TEAM = 7AMWG3RLHN;
				ENABLE_NS_ASSERTIONS = NO;
				ENABLE_STRICT_OBJC_MSGSEND = YES;
				GCC_C_LANGUAGE_STANDARD = gnu11;
				GCC_NO_COMMON_BLOCKS = YES;
				GCC_WARN_64_TO_32_BIT_CONVERSION = YES;
				GCC_WARN_ABOUT_RETURN_TYPE = YES_ERROR;
				GCC_WARN_UNDECLARED_SELECTOR = YES;
				GCC_WARN_UNINITIALIZED_AUTOS = YES_AGGRESSIVE;
				GCC_WARN_UNUSED_FUNCTION = YES;
				GCC_WARN_UNUSED_VARIABLE = YES;
				INFOPLIST_FILE = Mac/Mac.plist;
				LD_RUNPATH_SEARCH_PATHS = (
					"$(inherited)",
					"@executable_path/../Frameworks",
				);
				MTL_ENABLE_DEBUG_INFO = NO;
				MTL_FAST_MATH = YES;
				PRODUCT_BUNDLE_IDENTIFIER = CodeBreaker.Mac;
				PRODUCT_NAME = CodeBreaker;
				SDKROOT = macosx;
				SWIFT_COMPILATION_MODE = wholemodule;
			};
			name = Release;
		};
		200B2EA82218482E00738347 /* Debug */ = {
			isa = XCBuildConfiguration;
			buildSettings = {
				ALWAYS_SEARCH_USER_PATHS = NO;
				CLANG_ANALYZER_NONNULL = YES;
				CLANG_ANALYZER_NUMBER_OBJECT_CONVERSION = YES_AGGRESSIVE;
				CLANG_CXX_LANGUAGE_STANDARD = "gnu++14";
				CLANG_CXX_LIBRARY = "libc++";
				CLANG_ENABLE_OBJC_ARC = YES;
				CLANG_ENABLE_OBJC_WEAK = YES;
				CLANG_WARN_BLOCK_CAPTURE_AUTORELEASING = YES;
				CLANG_WARN_BOOL_CONVERSION = YES;
				CLANG_WARN_COMMA = YES;
				CLANG_WARN_CONSTANT_CONVERSION = YES;
				CLANG_WARN_DEPRECATED_OBJC_IMPLEMENTATIONS = YES;
				CLANG_WARN_DIRECT_OBJC_ISA_USAGE = YES_ERROR;
				CLANG_WARN_DOCUMENTATION_COMMENTS = YES;
				CLANG_WARN_EMPTY_BODY = YES;
				CLANG_WARN_ENUM_CONVERSION = YES;
				CLANG_WARN_INFINITE_RECURSION = YES;
				CLANG_WARN_INT_CONVERSION = YES;
				CLANG_WARN_NON_LITERAL_NULL_CONVERSION = YES;
				CLANG_WARN_OBJC_IMPLICIT_RETAIN_SELF = YES;
				CLANG_WARN_OBJC_LITERAL_CONVERSION = YES;
				CLANG_WARN_OBJC_ROOT_CLASS = YES_ERROR;
				CLANG_WARN_RANGE_LOOP_ANALYSIS = YES;
				CLANG_WARN_STRICT_PROTOTYPES = YES;
				CLANG_WARN_SUSPICIOUS_MOVE = YES;
				CLANG_WARN_UNGUARDED_AVAILABILITY = YES_AGGRESSIVE;
				CLANG_WARN_UNREACHABLE_CODE = YES;
				CLANG_WARN__DUPLICATE_METHOD_MATCH = YES;
				CODE_SIGN_IDENTITY = "iPhone Developer";
				CODE_SIGN_STYLE = Automatic;
				COPY_PHASE_STRIP = NO;
				DEVELOPMENT_TEAM = 7AMWG3RLHN;
				ENABLE_STRICT_OBJC_MSGSEND = YES;
				ENABLE_TESTABILITY = YES;
				GCC_C_LANGUAGE_STANDARD = gnu11;
				GCC_DYNAMIC_NO_PIC = NO;
				GCC_NO_COMMON_BLOCKS = YES;
				GCC_PREPROCESSOR_DEFINITIONS = (
					"DEBUG=1",
					"$(inherited)",
				);
				GCC_WARN_64_TO_32_BIT_CONVERSION = YES;
				GCC_WARN_ABOUT_RETURN_TYPE = YES_ERROR;
				GCC_WARN_UNDECLARED_SELECTOR = YES;
				GCC_WARN_UNINITIALIZED_AUTOS = YES_AGGRESSIVE;
				GCC_WARN_UNUSED_FUNCTION = YES;
				GCC_WARN_UNUSED_VARIABLE = YES;
				INFOPLIST_FILE = iOS/iOS.plist;
				LD_RUNPATH_SEARCH_PATHS = (
					"$(inherited)",
					"@executable_path/Frameworks",
				);
				MTL_ENABLE_DEBUG_INFO = INCLUDE_SOURCE;
				MTL_FAST_MATH = YES;
				ONLY_ACTIVE_ARCH = YES;
				PRODUCT_BUNDLE_IDENTIFIER = CodeBreaker.iOS;
				PRODUCT_NAME = CodeBreaker;
				SDKROOT = iphoneos;
				SWIFT_ACTIVE_COMPILATION_CONDITIONS = DEBUG;
				TARGETED_DEVICE_FAMILY = "1,2";
			};
			name = Debug;
		};
		200B2EA92218482E00738347 /* Release */ = {
			isa = XCBuildConfiguration;
			buildSettings = {
				ALWAYS_SEARCH_USER_PATHS = NO;
				CLANG_ANALYZER_NONNULL = YES;
				CLANG_ANALYZER_NUMBER_OBJECT_CONVERSION = YES_AGGRESSIVE;
				CLANG_CXX_LANGUAGE_STANDARD = "gnu++14";
				CLANG_CXX_LIBRARY = "libc++";
				CLANG_ENABLE_OBJC_ARC = YES;
				CLANG_ENABLE_OBJC_WEAK = YES;
				CLANG_WARN_BLOCK_CAPTURE_AUTORELEASING = YES;
				CLANG_WARN_BOOL_CONVERSION = YES;
				CLANG_WARN_COMMA = YES;
				CLANG_WARN_CONSTANT_CONVERSION = YES;
				CLANG_WARN_DEPRECATED_OBJC_IMPLEMENTATIONS = YES;
				CLANG_WARN_DIRECT_OBJC_ISA_USAGE = YES_ERROR;
				CLANG_WARN_DOCUMENTATION_COMMENTS = YES;
				CLANG_WARN_EMPTY_BODY = YES;
				CLANG_WARN_ENUM_CONVERSION = YES;
				CLANG_WARN_INFINITE_RECURSION = YES;
				CLANG_WARN_INT_CONVERSION = YES;
				CLANG_WARN_NON_LITERAL_NULL_CONVERSION = YES;
				CLANG_WARN_OBJC_IMPLICIT_RETAIN_SELF = YES;
				CLANG_WARN_OBJC_LITERAL_CONVERSION = YES;
				CLANG_WARN_OBJC_ROOT_CLASS = YES_ERROR;
				CLANG_WARN_RANGE_LOOP_ANALYSIS = YES;
				CLANG_WARN_STRICT_PROTOTYPES = YES;
				CLANG_WARN_SUSPICIOUS_MOVE = YES;
				CLANG_WARN_UNGUARDED_AVAILABILITY = YES_AGGRESSIVE;
				CLANG_WARN_UNREACHABLE_CODE = YES;
				CLANG_WARN__DUPLICATE_METHOD_MATCH = YES;
				CODE_SIGN_IDENTITY = "iPhone Developer";
				CODE_SIGN_STYLE = Automatic;
				COPY_PHASE_STRIP = NO;
				DEVELOPMENT_TEAM = 7AMWG3RLHN;
				ENABLE_NS_ASSERTIONS = NO;
				ENABLE_STRICT_OBJC_MSGSEND = YES;
				GCC_C_LANGUAGE_STANDARD = gnu11;
				GCC_NO_COMMON_BLOCKS = YES;
				GCC_WARN_64_TO_32_BIT_CONVERSION = YES;
				GCC_WARN_ABOUT_RETURN_TYPE = YES_ERROR;
				GCC_WARN_UNDECLARED_SELECTOR = YES;
				GCC_WARN_UNINITIALIZED_AUTOS = YES_AGGRESSIVE;
				GCC_WARN_UNUSED_FUNCTION = YES;
				GCC_WARN_UNUSED_VARIABLE = YES;
				INFOPLIST_FILE = iOS/iOS.plist;
				LD_RUNPATH_SEARCH_PATHS = (
					"$(inherited)",
					"@executable_path/Frameworks",
				);
				MTL_ENABLE_DEBUG_INFO = NO;
				MTL_FAST_MATH = YES;
				PRODUCT_BUNDLE_IDENTIFIER = CodeBreaker.iOS;
				PRODUCT_NAME = CodeBreaker;
				SDKROOT = iphoneos;
				SWIFT_COMPILATION_MODE = wholemodule;
				TARGETED_DEVICE_FAMILY = "1,2";
				VALIDATE_PRODUCT = YES;
			};
			name = Release;
		};
/* End XCBuildConfiguration section */

/* Begin XCConfigurationList section */
		200B2E55221847D000738347 /* Build configuration list for PBXProject "CodeBreaker" */ = {
			isa = XCConfigurationList;
			buildConfigurations = (
				200B2E56221847D000738347 /* Debug */,
				200B2E57221847D000738347 /* Release */,
			);
			defaultConfigurationIsVisible = 0;
			defaultConfigurationName = Release;
		};
		200B2E63221847F000738347 /* Build configuration list for PBXNativeTarget "Mac" */ = {
			isa = XCConfigurationList;
			buildConfigurations = (
				200B2E64221847F000738347 /* Debug */,
				200B2E65221847F000738347 /* Release */,
			);
			defaultConfigurationIsVisible = 0;
			defaultConfigurationName = Release;
		};
		200B2E6E221847FC00738347 /* Build configuration list for PBXNativeTarget "iOS" */ = {
			isa = XCConfigurationList;
			buildConfigurations = (
				200B2E6F221847FC00738347 /* Debug */,
				200B2E70221847FC00738347 /* Release */,
			);
			defaultConfigurationIsVisible = 0;
			defaultConfigurationName = Release;
		};
		200B2E7D2218480800738347 /* Build configuration list for PBXNativeTarget "Tests" */ = {
			isa = XCConfigurationList;
			buildConfigurations = (
				200B2E7E2218480800738347 /* Debug */,
				200B2E7F2218480800738347 /* Release */,
			);
			defaultConfigurationIsVisible = 0;
			defaultConfigurationName = Release;
		};
		200B2E912218481A00738347 /* Build configuration list for PBXNativeTarget "MacApp" */ = {
			isa = XCConfigurationList;
			buildConfigurations = (
				200B2E922218481A00738347 /* Debug */,
				200B2E932218481A00738347 /* Release */,
			);
			defaultConfigurationIsVisible = 0;
			defaultConfigurationName = Release;
		};
		200B2EA72218482E00738347 /* Build configuration list for PBXNativeTarget "iOSApp" */ = {
			isa = XCConfigurationList;
			buildConfigurations = (
				200B2EA82218482E00738347 /* Debug */,
				200B2EA92218482E00738347 /* Release */,
			);
			defaultConfigurationIsVisible = 0;
			defaultConfigurationName = Release;
		};
/* End XCConfigurationList section */
	};
	rootObject = 200B2E52221847D000738347 /* Project object */;
}
